{
  "nodes": {
    "colorsys": {
      "inputs": {
        "colorsys-master": "colorsys-master",
        "flakeNimbleLib": [
          "flakeNimbleLib"
        ],
        "nixpkgs": [
          "nixpkgs"
        ]
      },
      "locked": {
        "lastModified": 1647398582,
        "narHash": "sha256-tNsZz9vCwytAkWIt1G062C2XuRLzE/5wTcHAa/lUToQ=",
        "owner": "nim-nix-pkgs",
        "repo": "colorsys",
        "rev": "825822522aed4581374108295e44dcca427500f7",
        "type": "github"
      },
      "original": {
        "owner": "nim-nix-pkgs",
        "ref": "master",
        "repo": "colorsys",
        "type": "github"
      }
    },
    "colorsys-master": {
      "inputs": {
        "flakeNimbleLib": [
          "colorsys",
          "flakeNimbleLib"
        ],
        "nixpkgs": [
          "colorsys",
          "nixpkgs"
        ],
        "src-colorsys-master": "src-colorsys-master"
      },
      "locked": {
        "dir": "master",
        "lastModified": 1647310902,
        "narHash": "sha256-XOpfbI3ppN5RnT0edEkh5ucyqhavh20m9FTSCwpv1fE=",
        "owner": "nim-nix-pkgs",
        "repo": "colorsys",
        "rev": "48cad70ada9a36720123d47d3be3a4713883e717",
        "type": "github"
      },
      "original": {
        "dir": "master",
        "owner": "nim-nix-pkgs",
        "ref": "master",
        "repo": "colorsys",
        "type": "github"
      }
    },
    "flakeNimbleLib": {
      "inputs": {
        "nixpkgs": [
          "nixpkgs"
        ]
      },
      "locked": {
        "lastModified": 1646967037,
        "narHash": "sha256-BoEqkGzLVnFICrF15wczZJrfF1vMVngRzF5cEgFzdzU=",
        "owner": "riinr",
        "repo": "nim-flakes-lib",
        "rev": "028e7596fdb918b72a295d220d48417ab2f5dfd1",
        "type": "github"
      },
      "original": {
        "owner": "riinr",
        "ref": "master",
        "repo": "nim-flakes-lib",
        "type": "github"
      }
    },
    "nixpkgs": {
      "locked": {
        "narHash": "sha256-+8mazL4KLh6VltXYJc5+QFA5Q1i+Uh/TadRl9/+qcx8=",
        "path": "/nix/store/gddrvlqs5qf1bp3kc80gp3qg5vm8kj76-source",
        "type": "path"
      },
      "original": {
        "id": "nixpkgs",
        "type": "indirect"
      }
    },
    "root": {
      "inputs": {
        "colorsys": "colorsys",
        "flakeNimbleLib": "flakeNimbleLib",
        "nixpkgs": "nixpkgs",
        "src-nimi3status-master": "src-nimi3status-master"
      }
    },
    "src-colorsys-master": {
      "flake": false,
      "locked": {
        "lastModified": 1497488979,
        "narHash": "sha256-27VM5bGveaDVCf5fIhdGCM/seCuuiLDf3VNCSWQGks0=",
        "owner": "achesak",
        "repo": "nim-colorsys",
        "rev": "b466a504242b4a91eec6fd61e8d6ff14417e5779",
        "type": "github"
      },
      "original": {
        "owner": "achesak",
        "ref": "refs/heads/master",
        "repo": "nim-colorsys",
        "type": "github"
      }
    },
    "src-nimi3status-master": {
      "flake": false,
      "locked": {
        "lastModified": 1565649001,
        "narHash": "sha256-kxa0FIwJ68+NAUlUgp1Pr2tpZPpSc80Ee8/JRWkcMlg=",
        "owner": "FedericoCeratto",
        "repo": "nimi3status",
        "rev": "8f070be9c8dee0388feaebc2c9af7af0bf3a0e4d",
        "type": "github"
      },
      "original": {
        "owner": "FedericoCeratto",
        "ref": "refs/heads/master",
        "repo": "nimi3status",
        "type": "github"
      }
    }
  },
  "root": "root",
  "version": 7
}
